{
  "pins" : [
    {
      "identity" : "dswaveformimage",
      "kind" : "remoteSourceControl",
      "location" : "https://github.com/dmrschmidt/DSWaveformImage",
      "state" : {
        "revision" : "5814189fe74e7c2f76f07d941139c0758ea5b304",
        "version" : "11.0.1"
      }
    }
  ],
  "version" : 2
}
